
Microsoft Visual Studio Solution File, Format Version 12.00
# Visual Studio Version 18
VisualStudioVersion = 18.3.11512.155
MinimumVisualStudioVersion = 10.0.40219.1
Project("{FAE04EC0-301F-11D3-BF4B-00C04F79EFBC}") = "Shopping.Application", "shopping.application\Shopping.Application.csproj", "{0F04542A-0460-6615-8B3E-6E111F22668A}"
EndProject
Project("{FAE04EC0-301F-11D3-BF4B-00C04F79EFBC}") = "Shopping.DataAccess", "shopping.DataAccess\Shopping.DataAccess.csproj", "{1F833342-7A4C-4E8F-1B8D-CEA85491CFAE}"
EndProject
Project("{FAE04EC0-301F-11D3-BF4B-00C04F79EFBC}") = "Shopping.API", "Shopping.API\Shopping.API.csproj", "{4CE2157E-50CA-1252-54BB-72A82FEDA933}"
EndProject
Project("{FAE04EC0-301F-11D3-BF4B-00C04F79EFBC}") = "Shopping.Tests", "Shopping.Tests\Shopping.Tests.csproj", "{3E935151-7C33-07F1-7362-8E2892C16087}"
EndProject
Global
	GlobalSection(SolutionConfigurationPlatforms) = preSolution
		Debug|Any CPU = Debug|Any CPU
		Release|Any CPU = Release|Any CPU
	EndGlobalSection
	GlobalSection(ProjectConfigurationPlatforms) = postSolution
		{0F04542A-0460-6615-8B3E-6E111F22668A}.Debug|Any CPU.ActiveCfg = Debug|Any CPU
		{0F04542A-0460-6615-8B3E-6E111F22668A}.Debug|Any CPU.Build.0 = Debug|Any CPU
		{0F04542A-0460-6615-8B3E-6E111F22668A}.Release|Any CPU.ActiveCfg = Release|Any CPU
		{0F04542A-0460-6615-8B3E-6E111F22668A}.Release|Any CPU.Build.0 = Release|Any CPU
		{1F833342-7A4C-4E8F-1B8D-CEA85491CFAE}.Debug|Any CPU.ActiveCfg = Debug|Any CPU
		{1F833342-7A4C-4E8F-1B8D-CEA85491CFAE}.Debug|Any CPU.Build.0 = Debug|Any CPU
		{1F833342-7A4C-4E8F-1B8D-CEA85491CFAE}.Release|Any CPU.ActiveCfg = Release|Any CPU
		{1F833342-7A4C-4E8F-1B8D-CEA85491CFAE}.Release|Any CPU.Build.0 = Release|Any CPU
		{4CE2157E-50CA-1252-54BB-72A82FEDA933}.Debug|Any CPU.ActiveCfg = Debug|Any CPU
		{4CE2157E-50CA-1252-54BB-72A82FEDA933}.Debug|Any CPU.Build.0 = Debug|Any CPU
		{4CE2157E-50CA-1252-54BB-72A82FEDA933}.Release|Any CPU.ActiveCfg = Release|Any CPU
		{4CE2157E-50CA-1252-54BB-72A82FEDA933}.Release|Any CPU.Build.0 = Release|Any CPU
		{3E935151-7C33-07F1-7362-8E2892C16087}.Debug|Any CPU.ActiveCfg = Debug|Any CPU
		{3E935151-7C33-07F1-7362-8E2892C16087}.Debug|Any CPU.Build.0 = Debug|Any CPU
		{3E935151-7C33-07F1-7362-8E2892C16087}.Release|Any CPU.ActiveCfg = Release|Any CPU
		{3E935151-7C33-07F1-7362-8E2892C16087}.Release|Any CPU.Build.0 = Release|Any CPU
	EndGlobalSection
	GlobalSection(SolutionProperties) = preSolution
		HideSolutionNode = FALSE
	EndGlobalSection
	GlobalSection(ExtensibilityGlobals) = postSolution
		SolutionGuid = {8507A5F9-98F9-40BD-9CDE-1D26D75E7A72}
	EndGlobalSection
EndGlobal
